
Microsoft Visual Studio Solution File, Format Version 12.00
# Visual Studio Version 17
VisualStudioVersion = 17.8.34316.72
MinimumVisualStudioVersion = 10.0.40219.1
Project("{9A19103F-16F7-4668-BE54-9A1E7A4F7556}") = "EgitimPortali", "EgitimPortali.csproj", "{C4DEC505-B4B4-490A-BB91-1530A8AB9168}"
EndProject
Project("{FAE04EC0-301F-11D3-BF4B-00C04F79EFBC}") = "EgitimPortaliMvc", "..\EgitimPortaliMvc\EgitimPortaliMvc.csproj", "{70766BA6-94A8-4A33-84F2-5732D39A9B50}"
EndProject
Global
	GlobalSection(SolutionConfigurationPlatforms) = preSolution
		Debug|Any CPU = Debug|Any CPU
		Release|Any CPU = Release|Any CPU
	EndGlobalSection
	GlobalSection(ProjectConfigurationPlatforms) = postSolution
		{C4DEC505-B4B4-490A-BB91-1530A8AB9168}.Debug|Any CPU.ActiveCfg = Debug|Any CPU
		{C4DEC505-B4B4-490A-BB91-1530A8AB9168}.Debug|Any CPU.Build.0 = Debug|Any CPU
		{C4DEC505-B4B4-490A-BB91-1530A8AB9168}.Release|Any CPU.ActiveCfg = Release|Any CPU
		{C4DEC505-B4B4-490A-BB91-1530A8AB9168}.Release|Any CPU.Build.0 = Release|Any CPU
		{70766BA6-94A8-4A33-84F2-5732D39A9B50}.Debug|Any CPU.ActiveCfg = Debug|Any CPU
		{70766BA6-94A8-4A33-84F2-5732D39A9B50}.Debug|Any CPU.Build.0 = Debug|Any CPU
		{70766BA6-94A8-4A33-84F2-5732D39A9B50}.Release|Any CPU.ActiveCfg = Release|Any CPU
		{70766BA6-94A8-4A33-84F2-5732D39A9B50}.Release|Any CPU.Build.0 = Release|Any CPU
	EndGlobalSection
	GlobalSection(SolutionProperties) = preSolution
		HideSolutionNode = FALSE
	EndGlobalSection
	GlobalSection(ExtensibilityGlobals) = postSolution
		SolutionGuid = {BEBAE08A-425A-4EC6-8212-B07F24B3BCE3}
	EndGlobalSection
EndGlobal
